{
    "name": "html",
    "lockfileVersion": 3,
    "requires": true,
    "packages": {
        "": {
            "dependencies": {
                "@inertiajs/inertia": "^0.11.1",
                "@inertiajs/inertia-vue3": "^0.6.0"
            },
            "devDependencies": {
                "axios": "^1.1.2",
                "laravel-vite-plugin": "^0.7.2",
                "lodash": "^4.17.19",
                "postcss": "^8.1.14",
                "vite": "^4.0.0"
            }
        },
        "node_modules/@babel/parser": {
            "version": "7.20.7",
            "license": "MIT",
            "peer": true,
            "bin": {
                "parser": "bin/babel-parser.js"
            },
            "engines": {
                "node": ">=6.0.0"
            }
        },
        "node_modules/@esbuild/darwin-x64": {
            "version": "0.16.10",
            "cpu": [
                "x64"
            ],
            "dev": true,
            "license": "MIT",
            "optional": true,
            "os": [
                "darwin"
            ],
            "engines": {
                "node": ">=12"
            }
        },
        "node_modules/@inertiajs/inertia": {
            "version": "0.11.1",
            "resolved": "https://registry.npmjs.org/@inertiajs/inertia/-/inertia-0.11.1.tgz",
            "integrity": "sha512-btmV53c54oW4Z9XF0YyTdIUnM7ue0ONy3/KJOz6J1C5CYIwimiKfDMpz8ZbGJuxS+SPdOlNsqj2ZhlHslpJRZg==",
            "dependencies": {
                "axios": "^0.21.1",
                "deepmerge": "^4.0.0",
                "qs": "^6.9.0"
            }
        },
        "node_modules/@inertiajs/inertia-vue3": {
            "version": "0.6.0",
            "resolved": "https://registry.npmjs.org/@inertiajs/inertia-vue3/-/inertia-vue3-0.6.0.tgz",
            "integrity": "sha512-qhPBtd/G0VS7vVVbYw1rrqKB6JqRusxqt+5ec2GLmK6t7fTlBBnZ3KsakmGZLSM1m1OGkNcfn4ifmCk3zfA8RQ==",
            "dependencies": {
                "lodash.clonedeep": "^4.5.0",
                "lodash.isequal": "^4.5.0"
            },
            "peerDependencies": {
                "@inertiajs/inertia": "^0.11.0",
                "vue": "^3.0.0"
            }
        },
        "node_modules/@inertiajs/inertia/node_modules/axios": {
            "version": "0.21.4",
            "license": "MIT",
            "dependencies": {
                "follow-redirects": "^1.14.0"
            }
        },
        "node_modules/@jridgewell/gen-mapping": {
            "version": "0.3.2",
            "dev": true,
            "license": "MIT",
            "optional": true,
            "peer": true,
            "dependencies": {
                "@jridgewell/set-array": "^1.0.1",
                "@jridgewell/sourcemap-codec": "^1.4.10",
                "@jridgewell/trace-mapping": "^0.3.9"
            },
            "engines": {
                "node": ">=6.0.0"
            }
        },
        "node_modules/@jridgewell/resolve-uri": {
            "version": "3.1.0",
            "dev": true,
            "license": "MIT",
            "optional": true,
            "peer": true,
            "engines": {
                "node": ">=6.0.0"
            }
        },
        "node_modules/@jridgewell/set-array": {
            "version": "1.1.2",
            "dev": true,
            "license": "MIT",
            "optional": true,
            "peer": true,
            "engines": {
                "node": ">=6.0.0"
            }
        },
        "node_modules/@jridgewell/source-map": {
            "version": "0.3.2",
            "dev": true,
            "license": "MIT",
            "optional": true,
            "peer": true,
            "dependencies": {
                "@jridgewell/gen-mapping": "^0.3.0",
                "@jridgewell/trace-mapping": "^0.3.9"
            }
        },
        "node_modules/@jridgewell/sourcemap-codec": {
            "version": "1.4.14",
            "dev": true,
            "license": "MIT",
            "optional": true,
            "peer": true
        },
        "node_modules/@jridgewell/trace-mapping": {
            "version": "0.3.17",
            "dev": true,
            "license": "MIT",
            "optional": true,
            "peer": true,
            "dependencies": {
                "@jridgewell/resolve-uri": "3.1.0",
                "@jridgewell/sourcemap-codec": "1.4.14"
            }
        },
        "node_modules/@types/node": {
            "version": "18.11.17",
            "dev": true,
            "license": "MIT",
            "optional": true,
            "peer": true
        },
        "node_modules/@vue/reactivity": {
            "version": "3.2.36",
            "license": "MIT",
            "peer": true,
            "dependencies": {
                "@vue/shared": "3.2.36"
            }
        },
        "node_modules/@vue/reactivity/node_modules/@vue/shared": {
            "version": "3.2.36",
            "license": "MIT",
            "peer": true
        },
        "node_modules/@vue/runtime-core": {
            "version": "3.2.36",
            "license": "MIT",
            "peer": true,
            "dependencies": {
                "@vue/reactivity": "3.2.36",
                "@vue/shared": "3.2.36"
            }
        },
        "node_modules/@vue/runtime-core/node_modules/@vue/shared": {
            "version": "3.2.36",
            "license": "MIT",
            "peer": true
        },
        "node_modules/@vue/runtime-dom": {
            "version": "3.2.36",
            "license": "MIT",
            "peer": true,
            "dependencies": {
                "@vue/runtime-core": "3.2.36",
                "@vue/shared": "3.2.36",
                "csstype": "^2.6.8"
            }
        },
        "node_modules/@vue/runtime-dom/node_modules/@vue/shared": {
            "version": "3.2.36",
            "license": "MIT",
            "peer": true
        },
        "node_modules/@vue/server-renderer": {
            "version": "3.2.36",
            "license": "MIT",
            "peer": true,
            "dependencies": {
                "@vue/compiler-ssr": "3.2.36",
                "@vue/shared": "3.2.36"
            },
            "peerDependencies": {
                "vue": "3.2.36"
            }
        },
        "node_modules/@vue/server-renderer/node_modules/@vue/compiler-core": {
            "version": "3.2.36",
            "license": "MIT",
            "peer": true,
            "dependencies": {
                "@babel/parser": "^7.16.4",
                "@vue/shared": "3.2.36",
                "estree-walker": "^2.0.2",
                "source-map": "^0.6.1"
            }
        },
        "node_modules/@vue/server-renderer/node_modules/@vue/compiler-dom": {
            "version": "3.2.36",
            "license": "MIT",
            "peer": true,
            "dependencies": {
                "@vue/compiler-core": "3.2.36",
                "@vue/shared": "3.2.36"
            }
        },
        "node_modules/@vue/server-renderer/node_modules/@vue/compiler-ssr": {
            "version": "3.2.36",
            "license": "MIT",
            "peer": true,
            "dependencies": {
                "@vue/compiler-dom": "3.2.36",
                "@vue/shared": "3.2.36"
            }
        },
        "node_modules/@vue/server-renderer/node_modules/@vue/shared": {
            "version": "3.2.36",
            "license": "MIT",
            "peer": true
        },
        "node_modules/acorn": {
            "version": "8.8.1",
            "dev": true,
            "license": "MIT",
            "optional": true,
            "peer": true,
            "bin": {
                "acorn": "bin/acorn"
            },
            "engines": {
                "node": ">=0.4.0"
            }
        },
        "node_modules/asynckit": {
            "version": "0.4.0",
            "dev": true,
            "license": "MIT"
        },
        "node_modules/axios": {
            "version": "1.2.1",
            "dev": true,
            "license": "MIT",
            "dependencies": {
                "follow-redirects": "^1.15.0",
                "form-data": "^4.0.0",
                "proxy-from-env": "^1.1.0"
            }
        },
        "node_modules/buffer-from": {
            "version": "1.1.2",
            "dev": true,
            "license": "MIT",
            "optional": true,
            "peer": true
        },
        "node_modules/call-bind": {
            "version": "1.0.2",
            "license": "MIT",
            "dependencies": {
                "function-bind": "^1.1.1",
                "get-intrinsic": "^1.0.2"
            },
            "funding": {
                "url": "https://github.com/sponsors/ljharb"
            }
        },
        "node_modules/combined-stream": {
            "version": "1.0.8",
            "dev": true,
            "license": "MIT",
            "dependencies": {
                "delayed-stream": "~1.0.0"
            },
            "engines": {
                "node": ">= 0.8"
            }
        },
        "node_modules/commander": {
            "version": "2.20.3",
            "dev": true,
            "license": "MIT",
            "optional": true,
            "peer": true
        },
        "node_modules/csstype": {
            "version": "2.6.21",
            "license": "MIT",
            "peer": true
        },
        "node_modules/deepmerge": {
            "version": "4.2.2",
            "license": "MIT",
            "engines": {
                "node": ">=0.10.0"
            }
        },
        "node_modules/delayed-stream": {
            "version": "1.0.0",
            "dev": true,
            "license": "MIT",
            "engines": {
                "node": ">=0.4.0"
            }
        },
        "node_modules/esbuild": {
            "version": "0.16.10",
            "dev": true,
            "hasInstallScript": true,
            "license": "MIT",
            "bin": {
                "esbuild": "bin/esbuild"
            },
            "engines": {
                "node": ">=12"
            },
            "optionalDependencies": {
                "@esbuild/android-arm": "0.16.10",
                "@esbuild/android-arm64": "0.16.10",
                "@esbuild/android-x64": "0.16.10",
                "@esbuild/darwin-arm64": "0.16.10",
                "@esbuild/darwin-x64": "0.16.10",
                "@esbuild/freebsd-arm64": "0.16.10",
                "@esbuild/freebsd-x64": "0.16.10",
                "@esbuild/linux-arm": "0.16.10",
                "@esbuild/linux-arm64": "0.16.10",
                "@esbuild/linux-ia32": "0.16.10",
                "@esbuild/linux-loong64": "0.16.10",
                "@esbuild/linux-mips64el": "0.16.10",
                "@esbuild/linux-ppc64": "0.16.10",
                "@esbuild/linux-riscv64": "0.16.10",
                "@esbuild/linux-s390x": "0.16.10",
                "@esbuild/linux-x64": "0.16.10",
                "@esbuild/netbsd-x64": "0.16.10",
                "@esbuild/openbsd-x64": "0.16.10",
                "@esbuild/sunos-x64": "0.16.10",
                "@esbuild/win32-arm64": "0.16.10",
                "@esbuild/win32-ia32": "0.16.10",
                "@esbuild/win32-x64": "0.16.10"
            }
        },
        "node_modules/estree-walker": {
            "version": "2.0.2",
            "license": "MIT",
            "peer": true
        },
        "node_modules/follow-redirects": {
            "version": "1.15.2",
            "funding": [
                {
                    "type": "individual",
                    "url": "https://github.com/sponsors/RubenVerborgh"
                }
            ],
            "license": "MIT",
            "engines": {
                "node": ">=4.0"
            },
            "peerDependenciesMeta": {
                "debug": {
                    "optional": true
                }
            }
        },
        "node_modules/form-data": {
            "version": "4.0.0",
            "dev": true,
            "license": "MIT",
            "dependencies": {
                "asynckit": "^0.4.0",
                "combined-stream": "^1.0.8",
                "mime-types": "^2.1.12"
            },
            "engines": {
                "node": ">= 6"
            }
        },
        "node_modules/fsevents": {
            "version": "2.3.2",
            "dev": true,
            "license": "MIT",
            "optional": true,
            "os": [
                "darwin"
            ],
            "engines": {
                "node": "^8.16.0 || ^10.6.0 || >=11.0.0"
            }
        },
        "node_modules/function-bind": {
            "version": "1.1.1",
            "license": "MIT"
        },
        "node_modules/get-intrinsic": {
            "version": "1.1.3",
            "license": "MIT",
            "dependencies": {
                "function-bind": "^1.1.1",
                "has": "^1.0.3",
                "has-symbols": "^1.0.3"
            },
            "funding": {
                "url": "https://github.com/sponsors/ljharb"
            }
        },
        "node_modules/has": {
            "version": "1.0.3",
            "license": "MIT",
            "dependencies": {
                "function-bind": "^1.1.1"
            },
            "engines": {
                "node": ">= 0.4.0"
            }
        },
        "node_modules/has-symbols": {
            "version": "1.0.3",
            "license": "MIT",
            "engines": {
                "node": ">= 0.4"
            },
            "funding": {
                "url": "https://github.com/sponsors/ljharb"
            }
        },
        "node_modules/is-core-module": {
            "version": "2.11.0",
            "dev": true,
            "license": "MIT",
            "dependencies": {
                "has": "^1.0.3"
            },
            "funding": {
                "url": "https://github.com/sponsors/ljharb"
            }
        },
        "node_modules/laravel-vite-plugin": {
            "version": "0.7.3",
            "dev": true,
            "license": "MIT",
            "dependencies": {
                "picocolors": "^1.0.0",
                "vite-plugin-full-reload": "^1.0.5"
            },
            "engines": {
                "node": ">=14"
            },
            "peerDependencies": {
                "vite": "^3.0.0 || ^4.0.0"
            }
        },
        "node_modules/lodash": {
            "version": "4.17.21",
            "dev": true,
            "license": "MIT"
        },
        "node_modules/lodash.clonedeep": {
            "version": "4.5.0",
            "license": "MIT"
        },
        "node_modules/lodash.isequal": {
            "version": "4.5.0",
            "license": "MIT"
        },
        "node_modules/magic-string": {
            "version": "0.25.9",
            "license": "MIT",
            "peer": true,
            "dependencies": {
                "sourcemap-codec": "^1.4.8"
            }
        },
        "node_modules/mime-db": {
            "version": "1.52.0",
            "dev": true,
            "license": "MIT",
            "engines": {
                "node": ">= 0.6"
            }
        },
        "node_modules/mime-types": {
            "version": "2.1.35",
            "dev": true,
            "license": "MIT",
            "dependencies": {
                "mime-db": "1.52.0"
            },
            "engines": {
                "node": ">= 0.6"
            }
        },
        "node_modules/nanoid": {
            "version": "3.3.4",
            "license": "MIT",
            "bin": {
                "nanoid": "bin/nanoid.cjs"
            },
            "engines": {
                "node": "^10 || ^12 || ^13.7 || ^14 || >=15.0.1"
            }
        },
        "node_modules/object-inspect": {
            "version": "1.12.2",
            "license": "MIT",
            "funding": {
                "url": "https://github.com/sponsors/ljharb"
            }
        },
        "node_modules/path-parse": {
            "version": "1.0.7",
            "dev": true,
            "license": "MIT"
        },
        "node_modules/picocolors": {
            "version": "1.0.0",
            "license": "ISC"
        },
        "node_modules/picomatch": {
            "version": "2.3.1",
            "dev": true,
            "license": "MIT",
            "engines": {
                "node": ">=8.6"
            },
            "funding": {
                "url": "https://github.com/sponsors/jonschlinkert"
            }
        },
        "node_modules/postcss": {
            "version": "8.4.20",
            "funding": [
                {
                    "type": "opencollective",
                    "url": "https://opencollective.com/postcss/"
                },
                {
                    "type": "tidelift",
                    "url": "https://tidelift.com/funding/github/npm/postcss"
                }
            ],
            "license": "MIT",
            "dependencies": {
                "nanoid": "^3.3.4",
                "picocolors": "^1.0.0",
                "source-map-js": "^1.0.2"
            },
            "engines": {
                "node": "^10 || ^12 || >=14"
            }
        },
        "node_modules/proxy-from-env": {
            "version": "1.1.0",
            "dev": true,
            "license": "MIT"
        },
        "node_modules/qs": {
            "version": "6.11.0",
            "license": "BSD-3-Clause",
            "dependencies": {
                "side-channel": "^1.0.4"
            },
            "engines": {
                "node": ">=0.6"
            },
            "funding": {
                "url": "https://github.com/sponsors/ljharb"
            }
        },
        "node_modules/resolve": {
            "version": "1.22.1",
            "dev": true,
            "license": "MIT",
            "dependencies": {
                "is-core-module": "^2.9.0",
                "path-parse": "^1.0.7",
                "supports-preserve-symlinks-flag": "^1.0.0"
            },
            "bin": {
                "resolve": "bin/resolve"
            },
            "funding": {
                "url": "https://github.com/sponsors/ljharb"
            }
        },
        "node_modules/rollup": {
            "version": "3.8.1",
            "dev": true,
            "license": "MIT",
            "bin": {
                "rollup": "dist/bin/rollup"
            },
            "engines": {
                "node": ">=14.18.0",
                "npm": ">=8.0.0"
            },
            "optionalDependencies": {
                "fsevents": "~2.3.2"
            }
        },
        "node_modules/side-channel": {
            "version": "1.0.4",
            "license": "MIT",
            "dependencies": {
                "call-bind": "^1.0.0",
                "get-intrinsic": "^1.0.2",
                "object-inspect": "^1.9.0"
            },
            "funding": {
                "url": "https://github.com/sponsors/ljharb"
            }
        },
        "node_modules/source-map": {
            "version": "0.6.1",
            "license": "BSD-3-Clause",
            "peer": true,
            "engines": {
                "node": ">=0.10.0"
            }
        },
        "node_modules/source-map-js": {
            "version": "1.0.2",
            "license": "BSD-3-Clause",
            "engines": {
                "node": ">=0.10.0"
            }
        },
        "node_modules/source-map-support": {
            "version": "0.5.21",
            "dev": true,
            "license": "MIT",
            "optional": true,
            "peer": true,
            "dependencies": {
                "buffer-from": "^1.0.0",
                "source-map": "^0.6.0"
            }
        },
        "node_modules/sourcemap-codec": {
            "version": "1.4.8",
            "license": "MIT",
            "peer": true
        },
        "node_modules/supports-preserve-symlinks-flag": {
            "version": "1.0.0",
            "dev": true,
            "license": "MIT",
            "engines": {
                "node": ">= 0.4"
            },
            "funding": {
                "url": "https://github.com/sponsors/ljharb"
            }
        },
        "node_modules/terser": {
            "version": "5.16.1",
            "dev": true,
            "license": "BSD-2-Clause",
            "optional": true,
            "peer": true,
            "dependencies": {
                "@jridgewell/source-map": "^0.3.2",
                "acorn": "^8.5.0",
                "commander": "^2.20.0",
                "source-map-support": "~0.5.20"
            },
            "bin": {
                "terser": "bin/terser"
            },
            "engines": {
                "node": ">=10"
            }
        },
        "node_modules/vite": {
            "version": "4.0.3",
            "dev": true,
            "license": "MIT",
            "dependencies": {
                "esbuild": "^0.16.3",
                "postcss": "^8.4.20",
                "resolve": "^1.22.1",
                "rollup": "^3.7.0"
            },
            "bin": {
                "vite": "bin/vite.js"
            },
            "engines": {
                "node": "^14.18.0 || >=16.0.0"
            },
            "optionalDependencies": {
                "fsevents": "~2.3.2"
            },
            "peerDependencies": {
                "@types/node": ">= 14",
                "less": "*",
                "sass": "*",
                "stylus": "*",
                "sugarss": "*",
                "terser": "^5.4.0"
            },
            "peerDependenciesMeta": {
                "@types/node": {
                    "optional": true
                },
                "less": {
                    "optional": true
                },
                "sass": {
                    "optional": true
                },
                "stylus": {
                    "optional": true
                },
                "sugarss": {
                    "optional": true
                },
                "terser": {
                    "optional": true
                }
            }
        },
        "node_modules/vite-plugin-full-reload": {
            "version": "1.0.5",
            "dev": true,
            "license": "MIT",
            "dependencies": {
                "picocolors": "^1.0.0",
                "picomatch": "^2.3.1"
            },
            "peerDependencies": {
                "vite": "^2 || ^3 || ^4"
            }
        },
        "node_modules/vue": {
            "version": "3.2.36",
            "license": "MIT",
            "peer": true,
            "dependencies": {
                "@vue/compiler-dom": "3.2.36",
                "@vue/compiler-sfc": "3.2.36",
                "@vue/runtime-dom": "3.2.36",
                "@vue/server-renderer": "3.2.36",
                "@vue/shared": "3.2.36"
            }
        },
        "node_modules/vue/node_modules/@vue/compiler-core": {
            "version": "3.2.36",
            "license": "MIT",
            "peer": true,
            "dependencies": {
                "@babel/parser": "^7.16.4",
                "@vue/shared": "3.2.36",
                "estree-walker": "^2.0.2",
                "source-map": "^0.6.1"
            }
        },
        "node_modules/vue/node_modules/@vue/compiler-dom": {
            "version": "3.2.36",
            "license": "MIT",
            "peer": true,
            "dependencies": {
                "@vue/compiler-core": "3.2.36",
                "@vue/shared": "3.2.36"
            }
        },
        "node_modules/vue/node_modules/@vue/compiler-sfc": {
            "version": "3.2.36",
            "license": "MIT",
            "peer": true,
            "dependencies": {
                "@babel/parser": "^7.16.4",
                "@vue/compiler-core": "3.2.36",
                "@vue/compiler-dom": "3.2.36",
                "@vue/compiler-ssr": "3.2.36",
                "@vue/reactivity-transform": "3.2.36",
                "@vue/shared": "3.2.36",
                "estree-walker": "^2.0.2",
                "magic-string": "^0.25.7",
                "postcss": "^8.1.10",
                "source-map": "^0.6.1"
            }
        },
        "node_modules/vue/node_modules/@vue/compiler-ssr": {
            "version": "3.2.36",
            "license": "MIT",
            "peer": true,
            "dependencies": {
                "@vue/compiler-dom": "3.2.36",
                "@vue/shared": "3.2.36"
            }
        },
        "node_modules/vue/node_modules/@vue/reactivity-transform": {
            "version": "3.2.36",
            "license": "MIT",
            "peer": true,
            "dependencies": {
                "@babel/parser": "^7.16.4",
                "@vue/compiler-core": "3.2.36",
                "@vue/shared": "3.2.36",
                "estree-walker": "^2.0.2",
                "magic-string": "^0.25.7"
            }
        },
        "node_modules/vue/node_modules/@vue/shared": {
            "version": "3.2.36",
            "license": "MIT",
            "peer": true
        }
    }
}
